// !$*UTF8*$!
{
	archiveVersion = 1;
	classes = {
	};
	objectVersion = 46;
	objects = {

/* Begin PBXBuildFile section */
		281B826419DB3FE60046397F /* QLDelegateAndDataSource.swift in Sources */ = {isa = PBXBuildFile; fileRef = 281B826319DB3FE60046397F /* QLDelegateAndDataSource.swift */; };
		28B2E56219DB2A0900ED9398 /* AppDelegate.swift in Sources */ = {isa = PBXBuildFile; fileRef = 28B2E56119DB2A0900ED9398 /* AppDelegate.swift */; };
		28B2E56419DB2A0900ED9398 /* MasterViewController.swift in Sources */ = {isa = PBXBuildFile; fileRef = 28B2E56319DB2A0900ED9398 /* MasterViewController.swift */; };
		28B2E56619DB2A0900ED9398 /* DetailViewController.swift in Sources */ = {isa = PBXBuildFile; fileRef = 28B2E56519DB2A0900ED9398 /* DetailViewController.swift */; };
		28B2E56919DB2A0900ED9398 /* Main.storyboard in Resources */ = {isa = PBXBuildFile; fileRef = 28B2E56719DB2A0900ED9398 /* Main.storyboard */; };
		28B2E56B19DB2A0900ED9398 /* Images.xcassets in Resources */ = {isa = PBXBuildFile; fileRef = 28B2E56A19DB2A0900ED9398 /* Images.xcassets */; };
		28B2E56E19DB2A0900ED9398 /* LaunchScreen.xib in Resources */ = {isa = PBXBuildFile; fileRef = 28B2E56C19DB2A0900ED9398 /* LaunchScreen.xib */; };
		28B2E57A19DB2A0900ED9398 /* QuickLookDemoTests.swift in Sources */ = {isa = PBXBuildFile; fileRef = 28B2E57919DB2A0900ED9398 /* QuickLookDemoTests.swift */; };
		28B2E58419DB33F300ED9398 /* Uppdragsbeskrivning.pdf in Resources */ = {isa = PBXBuildFile; fileRef = 28B2E58319DB33F300ED9398 /* Uppdragsbeskrivning.pdf */; };
		28B2E58619DB342200ED9398 /* PulldownMenu.png in Resources */ = {isa = PBXBuildFile; fileRef = 28B2E58519DB342200ED9398 /* PulldownMenu.png */; };
		28B2E58B19DB350800ED9398 /* Kalkyl.xlsx in Resources */ = {isa = PBXBuildFile; fileRef = 28B2E58919DB34AF00ED9398 /* Kalkyl.xlsx */; };
		28B2E58C19DB350800ED9398 /* Planering.numbers in Resources */ = {isa = PBXBuildFile; fileRef = 28B2E58A19DB34F400ED9398 /* Planering.numbers */; };
/* End PBXBuildFile section */

/* Begin PBXContainerItemProxy section */
		28B2E57419DB2A0900ED9398 /* PBXContainerItemProxy */ = {
			isa = PBXContainerItemProxy;
			containerPortal = 28B2E55419DB2A0900ED9398 /* Project object */;
			proxyType = 1;
			remoteGlobalIDString = 28B2E55B19DB2A0900ED9398;
			remoteInfo = QuickLookDemo;
		};
/* End PBXContainerItemProxy section */

/* Begin PBXFileReference section */
		281B826319DB3FE60046397F /* QLDelegateAndDataSource.swift */ = {isa = PBXFileReference; fileEncoding = 4; lastKnownFileType = sourcecode.swift; path = QLDelegateAndDataSource.swift; sourceTree = "<group>"; };
		28B2E55C19DB2A0900ED9398 /* QuickLookDemo.app */ = {isa = PBXFileReference; explicitFileType = wrapper.application; includeInIndex = 0; path = QuickLookDemo.app; sourceTree = BUILT_PRODUCTS_DIR; };
		28B2E56019DB2A0900ED9398 /* Info.plist */ = {isa = PBXFileReference; lastKnownFileType = text.plist.xml; path = Info.plist; sourceTree = "<group>"; };
		28B2E56119DB2A0900ED9398 /* AppDelegate.swift */ = {isa = PBXFileReference; lastKnownFileType = sourcecode.swift; path = AppDelegate.swift; sourceTree = "<group>"; };
		28B2E56319DB2A0900ED9398 /* MasterViewController.swift */ = {isa = PBXFileReference; lastKnownFileType = sourcecode.swift; path = MasterViewController.swift; sourceTree = "<group>"; };
		28B2E56519DB2A0900ED9398 /* DetailViewController.swift */ = {isa = PBXFileReference; lastKnownFileType = sourcecode.swift; path = DetailViewController.swift; sourceTree = "<group>"; };
		28B2E56819DB2A0900ED9398 /* Base */ = {isa = PBXFileReference; lastKnownFileType = file.storyboard; name = Base; path = Base.lproj/Main.storyboard; sourceTree = "<group>"; };
		28B2E56A19DB2A0900ED9398 /* Images.xcassets */ = {isa = PBXFileReference; lastKnownFileType = folder.assetcatalog; path = Images.xcassets; sourceTree = "<group>"; };
		28B2E56D19DB2A0900ED9398 /* Base */ = {isa = PBXFileReference; lastKnownFileType = file.xib; name = Base; path = Base.lproj/LaunchScreen.xib; sourceTree = "<group>"; };
		28B2E57319DB2A0900ED9398 /* QuickLookDemoTests.xctest */ = {isa = PBXFileReference; explicitFileType = wrapper.cfbundle; includeInIndex = 0; path = QuickLookDemoTests.xctest; sourceTree = BUILT_PRODUCTS_DIR; };
		28B2E57819DB2A0900ED9398 /* Info.plist */ = {isa = PBXFileReference; lastKnownFileType = text.plist.xml; path = Info.plist; sourceTree = "<group>"; };
		28B2E57919DB2A0900ED9398 /* QuickLookDemoTests.swift */ = {isa = PBXFileReference; lastKnownFileType = sourcecode.swift; path = QuickLookDemoTests.swift; sourceTree = "<group>"; };
		28B2E58319DB33F300ED9398 /* Uppdragsbeskrivning.pdf */ = {isa = PBXFileReference; lastKnownFileType = image.pdf; path = Uppdragsbeskrivning.pdf; sourceTree = "<group>"; };
		28B2E58519DB342200ED9398 /* PulldownMenu.png */ = {isa = PBXFileReference; lastKnownFileType = image.png; path = PulldownMenu.png; sourceTree = "<group>"; };
		28B2E58919DB34AF00ED9398 /* Kalkyl.xlsx */ = {isa = PBXFileReference; lastKnownFileType = file; path = Kalkyl.xlsx; sourceTree = "<group>"; };
		28B2E58A19DB34F400ED9398 /* Planering.numbers */ = {isa = PBXFileReference; lastKnownFileType = wrapper; path = Planering.numbers; sourceTree = "<group>"; };
/* End PBXFileReference section */

/* Begin PBXFrameworksBuildPhase section */
		28B2E55919DB2A0900ED9398 /* Frameworks */ = {
			isa = PBXFrameworksBuildPhase;
			buildActionMask = 2147483647;
			files = (
			);
			runOnlyForDeploymentPostprocessing = 0;
		};
		28B2E57019DB2A0900ED9398 /* Frameworks */ = {
			isa = PBXFrameworksBuildPhase;
			buildActionMask = 2147483647;
			files = (
			);
			runOnlyForDeploymentPostprocessing = 0;
		};
/* End PBXFrameworksBuildPhase section */

/* Begin PBXGroup section */
		28B2E55319DB2A0900ED9398 = {
			isa = PBXGroup;
			children = (
				28B2E55E19DB2A0900ED9398 /* QuickLookDemo */,
				28B2E57619DB2A0900ED9398 /* QuickLookDemoTests */,
				28B2E55D19DB2A0900ED9398 /* Products */,
			);
			sourceTree = "<group>";
		};
		28B2E55D19DB2A0900ED9398 /* Products */ = {
			isa = PBXGroup;
			children = (
				28B2E55C19DB2A0900ED9398 /* QuickLookDemo.app */,
				28B2E57319DB2A0900ED9398 /* QuickLookDemoTests.xctest */,
			);
			name = Products;
			sourceTree = "<group>";
		};
		28B2E55E19DB2A0900ED9398 /* QuickLookDemo */ = {
			isa = PBXGroup;
			children = (
				28B2E56119DB2A0900ED9398 /* AppDelegate.swift */,
				28B2E56319DB2A0900ED9398 /* MasterViewController.swift */,
				281B826319DB3FE60046397F /* QLDelegateAndDataSource.swift */,
				28B2E56519DB2A0900ED9398 /* DetailViewController.swift */,
				28B2E56719DB2A0900ED9398 /* Main.storyboard */,
				28B2E56A19DB2A0900ED9398 /* Images.xcassets */,
				28B2E56C19DB2A0900ED9398 /* LaunchScreen.xib */,
				28B2E55F19DB2A0900ED9398 /* Supporting Files */,
			);
			path = QuickLookDemo;
			sourceTree = "<group>";
		};
		28B2E55F19DB2A0900ED9398 /* Supporting Files */ = {
			isa = PBXGroup;
			children = (
				28B2E58919DB34AF00ED9398 /* Kalkyl.xlsx */,
				28B2E58A19DB34F400ED9398 /* Planering.numbers */,
				28B2E58519DB342200ED9398 /* PulldownMenu.png */,
				28B2E58319DB33F300ED9398 /* Uppdragsbeskrivning.pdf */,
				28B2E56019DB2A0900ED9398 /* Info.plist */,
			);
			name = "Supporting Files";
			sourceTree = "<group>";
		};
		28B2E57619DB2A0900ED9398 /* QuickLookDemoTests */ = {
			isa = PBXGroup;
			children = (
				28B2E57919DB2A0900ED9398 /* QuickLookDemoTests.swift */,
				28B2E57719DB2A0900ED9398 /* Supporting Files */,
			);
			path = QuickLookDemoTests;
			sourceTree = "<group>";
		};
		28B2E57719DB2A0900ED9398 /* Supporting Files */ = {
			isa = PBXGroup;
			children = (
				28B2E57819DB2A0900ED9398 /* Info.plist */,
			);
			name = "Supporting Files";
			sourceTree = "<group>";
		};
/* End PBXGroup section */

/* Begin PBXNativeTarget section */
		28B2E55B19DB2A0900ED9398 /* QuickLookDemo */ = {
			isa = PBXNativeTarget;
			buildConfigurationList = 28B2E57D19DB2A0900ED9398 /* Build configuration list for PBXNativeTarget "QuickLookDemo" */;
			buildPhases = (
				28B2E55819DB2A0900ED9398 /* Sources */,
				28B2E55919DB2A0900ED9398 /* Frameworks */,
				28B2E55A19DB2A0900ED9398 /* Resources */,
			);
			buildRules = (
			);
			dependencies = (
			);
			name = QuickLookDemo;
			productName = QuickLookDemo;
			productReference = 28B2E55C19DB2A0900ED9398 /* QuickLookDemo.app */;
			productType = "com.apple.product-type.application";
		};
		28B2E57219DB2A0900ED9398 /* QuickLookDemoTests */ = {
			isa = PBXNativeTarget;
			buildConfigurationList = 28B2E58019DB2A0900ED9398 /* Build configuration list for PBXNativeTarget "QuickLookDemoTests" */;
			buildPhases = (
				28B2E56F19DB2A0900ED9398 /* Sources */,
				28B2E57019DB2A0900ED9398 /* Frameworks */,
				28B2E57119DB2A0900ED9398 /* Resources */,
			);
			buildRules = (
			);
			dependencies = (
				28B2E57519DB2A0900ED9398 /* PBXTargetDependency */,
			);
			name = QuickLookDemoTests;
			productName = QuickLookDemoTests;
			productReference = 28B2E57319DB2A0900ED9398 /* QuickLookDemoTests.xctest */;
			productType = "com.apple.product-type.bundle.unit-test";
		};
/* End PBXNativeTarget section */

/* Begin PBXProject section */
		28B2E55419DB2A0900ED9398 /* Project object */ = {
			isa = PBXProject;
			attributes = {
				LastUpgradeCheck = 0600;
				ORGANIZATIONNAME = "centCode AB";
				TargetAttributes = {
					28B2E55B19DB2A0900ED9398 = {
						CreatedOnToolsVersion = 6.0.1;
					};
					28B2E57219DB2A0900ED9398 = {
						CreatedOnToolsVersion = 6.0.1;
						TestTargetID = 28B2E55B19DB2A0900ED9398;
					};
				};
			};
			buildConfigurationList = 28B2E55719DB2A0900ED9398 /* Build configuration list for PBXProject "QuickLookDemo" */;
			compatibilityVersion = "Xcode 3.2";
			developmentRegion = English;
			hasScannedForEncodings = 0;
			knownRegions = (
				en,
				Base,
			);
			mainGroup = 28B2E55319DB2A0900ED9398;
			productRefGroup = 28B2E55D19DB2A0900ED9398 /* Products */;
			projectDirPath = "";
			projectRoot = "";
			targets = (
				28B2E55B19DB2A0900ED9398 /* QuickLookDemo */,
				28B2E57219DB2A0900ED9398 /* QuickLookDemoTests */,
			);
		};
/* End PBXProject section */

/* Begin PBXResourcesBuildPhase section */
		28B2E55A19DB2A0900ED9398 /* Resources */ = {
			isa = PBXResourcesBuildPhase;
			buildActionMask = 2147483647;
			files = (
				28B2E58B19DB350800ED9398 /* Kalkyl.xlsx in Resources */,
				28B2E58C19DB350800ED9398 /* Planering.numbers in Resources */,
				28B2E58619DB342200ED9398 /* PulldownMenu.png in Resources */,
				28B2E56919DB2A0900ED9398 /* Main.storyboard in Resources */,
				28B2E56E19DB2A0900ED9398 /* LaunchScreen.xib in Resources */,
				28B2E58419DB33F300ED9398 /* Uppdragsbeskrivning.pdf in Resources */,
				28B2E56B19DB2A0900ED9398 /* Images.xcassets in Resources */,
			);
			runOnlyForDeploymentPostprocessing = 0;
		};
		28B2E57119DB2A0900ED9398 /* Resources */ = {
			isa = PBXResourcesBuildPhase;
			buildActionMask = 2147483647;
			files = (
			);
			runOnlyForDeploymentPostprocessing = 0;
		};
/* End PBXResourcesBuildPhase section */

/* Begin PBXSourcesBuildPhase section */
		28B2E55819DB2A0900ED9398 /* Sources */ = {
			isa = PBXSourcesBuildPhase;
			buildActionMask = 2147483647;
			files = (
				28B2E56619DB2A0900ED9398 /* DetailViewController.swift in Sources */,
				28B2E56419DB2A0900ED9398 /* MasterViewController.swift in Sources */,
				281B826419DB3FE60046397F /* QLDelegateAndDataSource.swift in Sources */,
				28B2E56219DB2A0900ED9398 /* AppDelegate.swift in Sources */,
			);
			runOnlyForDeploymentPostprocessing = 0;
		};
		28B2E56F19DB2A0900ED9398 /* Sources */ = {
			isa = PBXSourcesBuildPhase;
			buildActionMask = 2147483647;
			files = (
				28B2E57A19DB2A0900ED9398 /* QuickLookDemoTests.swift in Sources */,
			);
			runOnlyForDeploymentPostprocessing = 0;
		};
/* End PBXSourcesBuildPhase section */

/* Begin PBXTargetDependency section */
		28B2E57519DB2A0900ED9398 /* PBXTargetDependency */ = {
			isa = PBXTargetDependency;
			target = 28B2E55B19DB2A0900ED9398 /* QuickLookDemo */;
			targetProxy = 28B2E57419DB2A0900ED9398 /* PBXContainerItemProxy */;
		};
/* End PBXTargetDependency section */

/* Begin PBXVariantGroup section */
		28B2E56719DB2A0900ED9398 /* Main.storyboard */ = {
			isa = PBXVariantGroup;
			children = (
				28B2E56819DB2A0900ED9398 /* Base */,
			);
			name = Main.storyboard;
			sourceTree = "<group>";
		};
		28B2E56C19DB2A0900ED9398 /* LaunchScreen.xib */ = {
			isa = PBXVariantGroup;
			children = (
				28B2E56D19DB2A0900ED9398 /* Base */,
			);
			name = LaunchScreen.xib;
			sourceTree = "<group>";
		};
/* End PBXVariantGroup section */

/* Begin XCBuildConfiguration section */
		28B2E57B19DB2A0900ED9398 /* Debug */ = {
			isa = XCBuildConfiguration;
			buildSettings = {
				ALWAYS_SEARCH_USER_PATHS = NO;
				CLANG_CXX_LANGUAGE_STANDARD = "gnu++0x";
				CLANG_CXX_LIBRARY = "libc++";
				CLANG_ENABLE_MODULES = YES;
				CLANG_ENABLE_OBJC_ARC = YES;
				CLANG_WARN_BOOL_CONVERSION = YES;
				CLANG_WARN_CONSTANT_CONVERSION = YES;
				CLANG_WARN_DIRECT_OBJC_ISA_USAGE = YES_ERROR;
				CLANG_WARN_EMPTY_BODY = YES;
				CLANG_WARN_ENUM_CONVERSION = YES;
				CLANG_WARN_INT_CONVERSION = YES;
				CLANG_WARN_OBJC_ROOT_CLASS = YES_ERROR;
				CLANG_WARN_UNREACHABLE_CODE = YES;
				CLANG_WARN__DUPLICATE_METHOD_MATCH = YES;
				"CODE_SIGN_IDENTITY[sdk=iphoneos*]" = "iPhone Developer";
				COPY_PHASE_STRIP = NO;
				ENABLE_STRICT_OBJC_MSGSEND = YES;
				GCC_C_LANGUAGE_STANDARD = gnu99;
				GCC_DYNAMIC_NO_PIC = NO;
				GCC_OPTIMIZATION_LEVEL = 0;
				GCC_PREPROCESSOR_DEFINITIONS = (
					"DEBUG=1",
					"$(inherited)",
				);
				GCC_SYMBOLS_PRIVATE_EXTERN = NO;
				GCC_WARN_64_TO_32_BIT_CONVERSION = YES;
				GCC_WARN_ABOUT_RETURN_TYPE = YES_ERROR;
				GCC_WARN_UNDECLARED_SELECTOR = YES;
				GCC_WARN_UNINITIALIZED_AUTOS = YES_AGGRESSIVE;
				GCC_WARN_UNUSED_FUNCTION = YES;
				GCC_WARN_UNUSED_VARIABLE = YES;
				IPHONEOS_DEPLOYMENT_TARGET = 8.0;
				MTL_ENABLE_DEBUG_INFO = YES;
				ONLY_ACTIVE_ARCH = YES;
				SDKROOT = iphoneos;
				SWIFT_OPTIMIZATION_LEVEL = "-Onone";
				TARGETED_DEVICE_FAMILY = "1,2";
			};
			name = Debug;
		};
		28B2E57C19DB2A0900ED9398 /* Release */ = {
			isa = XCBuildConfiguration;
			buildSettings = {
				ALWAYS_SEARCH_USER_PATHS = NO;
				CLANG_CXX_LANGUAGE_STANDARD = "gnu++0x";
				CLANG_CXX_LIBRARY = "libc++";
				CLANG_ENABLE_MODULES = YES;
				CLANG_ENABLE_OBJC_ARC = YES;
				CLANG_WARN_BOOL_CONVERSION = YES;
				CLANG_WARN_CONSTANT_CONVERSION = YES;
				CLANG_WARN_DIRECT_OBJC_ISA_USAGE = YES_ERROR;
				CLANG_WARN_EMPTY_BODY = YES;
				CLANG_WARN_ENUM_CONVERSION = YES;
				CLANG_WARN_INT_CONVERSION = YES;
				CLANG_WARN_OBJC_ROOT_CLASS = YES_ERROR;
				CLANG_WARN_UNREACHABLE_CODE = YES;
				CLANG_WARN__DUPLICATE_METHOD_MATCH = YES;
				"CODE_SIGN_IDENTITY[sdk=iphoneos*]" = "iPhone Developer";
				COPY_PHASE_STRIP = YES;
				ENABLE_NS_ASSERTIONS = NO;
				ENABLE_STRICT_OBJC_MSGSEND = YES;
				GCC_C_LANGUAGE_STANDARD = gnu99;
				GCC_WARN_64_TO_32_BIT_CONVERSION = YES;
				GCC_WARN_ABOUT_RETURN_TYPE = YES_ERROR;
				GCC_WARN_UNDECLARED_SELECTOR = YES;
				GCC_WARN_UNINITIALIZED_AUTOS = YES_AGGRESSIVE;
				GCC_WARN_UNUSED_FUNCTION = YES;
				GCC_WARN_UNUSED_VARIABLE = YES;
				IPHONEOS_DEPLOYMENT_TARGET = 8.0;
				MTL_ENABLE_DEBUG_INFO = NO;
				SDKROOT = iphoneos;
				TARGETED_DEVICE_FAMILY = "1,2";
				VALIDATE_PRODUCT = YES;
			};
			name = Release;
		};
		28B2E57E19DB2A0900ED9398 /* Debug */ = {
			isa = XCBuildConfiguration;
			buildSettings = {
				ASSETCATALOG_COMPILER_APPICON_NAME = AppIcon;
				INFOPLIST_FILE = QuickLookDemo/Info.plist;
				LD_RUNPATH_SEARCH_PATHS = "$(inherited) @executable_path/Frameworks";
				PRODUCT_NAME = "$(TARGET_NAME)";
			};
			name = Debug;
		};
		28B2E57F19DB2A0900ED9398 /* Release */ = {
			isa = XCBuildConfiguration;
			buildSettings = {
				ASSETCATALOG_COMPILER_APPICON_NAME = AppIcon;
				INFOPLIST_FILE = QuickLookDemo/Info.plist;
				LD_RUNPATH_SEARCH_PATHS = "$(inherited) @executable_path/Frameworks";
				PRODUCT_NAME = "$(TARGET_NAME)";
			};
			name = Release;
		};
		28B2E58119DB2A0900ED9398 /* Debug */ = {
			isa = XCBuildConfiguration;
			buildSettings = {
				BUNDLE_LOADER = "$(TEST_HOST)";
				FRAMEWORK_SEARCH_PATHS = (
					"$(SDKROOT)/Developer/Library/Frameworks",
					"$(inherited)",
				);
				GCC_PREPROCESSOR_DEFINITIONS = (
					"DEBUG=1",
					"$(inherited)",
				);
				INFOPLIST_FILE = QuickLookDemoTests/Info.plist;
				LD_RUNPATH_SEARCH_PATHS = "$(inherited) @executable_path/Frameworks @loader_path/Frameworks";
				PRODUCT_NAME = "$(TARGET_NAME)";
				TEST_HOST = "$(BUILT_PRODUCTS_DIR)/QuickLookDemo.app/QuickLookDemo";
			};
			name = Debug;
		};
		28B2E58219DB2A0900ED9398 /* Release */ = {
			isa = XCBuildConfiguration;
			buildSettings = {
				BUNDLE_LOADER = "$(TEST_HOST)";
				FRAMEWORK_SEARCH_PATHS = (
					"$(SDKROOT)/Developer/Library/Frameworks",
					"$(inherited)",
				);
				INFOPLIST_FILE = QuickLookDemoTests/Info.plist;
				LD_RUNPATH_SEARCH_PATHS = "$(inherited) @executable_path/Frameworks @loader_path/Frameworks";
				PRODUCT_NAME = "$(TARGET_NAME)";
				TEST_HOST = "$(BUILT_PRODUCTS_DIR)/QuickLookDemo.app/QuickLookDemo";
			};
			name = Release;
		};
/* End XCBuildConfiguration section */

/* Begin XCConfigurationList section */
		28B2E55719DB2A0900ED9398 /* Build configuration list for PBXProject "QuickLookDemo" */ = {
			isa = XCConfigurationList;
			buildConfigurations = (
				28B2E57B19DB2A0900ED9398 /* Debug */,
				28B2E57C19DB2A0900ED9398 /* Release */,
			);
			defaultConfigurationIsVisible = 0;
			defaultConfigurationName = Release;
		};
		28B2E57D19DB2A0900ED9398 /* Build configuration list for PBXNativeTarget "QuickLookDemo" */ = {
			isa = XCConfigurationList;
			buildConfigurations = (
				28B2E57E19DB2A0900ED9398 /* Debug */,
				28B2E57F19DB2A0900ED9398 /* Release */,
			);
			defaultConfigurationIsVisible = 0;
			defaultConfigurationName = Release;
		};
		28B2E58019DB2A0900ED9398 /* Build configuration list for PBXNativeTarget "QuickLookDemoTests" */ = {
			isa = XCConfigurationList;
			buildConfigurations = (
				28B2E58119DB2A0900ED9398 /* Debug */,
				28B2E58219DB2A0900ED9398 /* Release */,
			);
			defaultConfigurationIsVisible = 0;
			defaultConfigurationName = Release;
		};
/* End XCConfigurationList section */
	};
	rootObject = 28B2E55419DB2A0900ED9398 /* Project object */;
}
